
Microsoft Visual Studio Solution File, Format Version 12.00
# Visual Studio 15
VisualStudioVersion = 15.0.28307.102
MinimumVisualStudioVersion = 10.0.40219.1
Project("{FAE04EC0-301F-11D3-BF4B-00C04F79EFBC}") = "MyClassLib", "MyClassLib\MyClassLib.csproj", "{7D62C361-4FC1-4202-87F4-5DA83BF944B2}"
EndProject
Global
	GlobalSection(SolutionConfigurationPlatforms) = preSolution
		Debug|Any CPU = Debug|Any CPU
		Release|Any CPU = Release|Any CPU
	EndGlobalSection
	GlobalSection(ProjectConfigurationPlatforms) = postSolution
		{7D62C361-4FC1-4202-87F4-5DA83BF944B2}.Debug|Any CPU.ActiveCfg = Debug|Any CPU
		{7D62C361-4FC1-4202-87F4-5DA83BF944B2}.Debug|Any CPU.Build.0 = Debug|Any CPU
		{7D62C361-4FC1-4202-87F4-5DA83BF944B2}.Release|Any CPU.ActiveCfg = Release|Any CPU
		{7D62C361-4FC1-4202-87F4-5DA83BF944B2}.Release|Any CPU.Build.0 = Release|Any CPU
	EndGlobalSection
	GlobalSection(SolutionProperties) = preSolution
		HideSolutionNode = FALSE
	EndGlobalSection
	GlobalSection(ExtensibilityGlobals) = postSolution
		SolutionGuid = {08CF30F5-7903-4FB3-B59B-5C9BFDD13822}
	EndGlobalSection
EndGlobal
